// !$*UTF8*$!
{
	archiveVersion = 1;
	classes = {
	};
	objectVersion = 56;
	objects = {

/* Begin PBXBuildFile section */
		F3710536291FB62800EDA8C8 /* KakaoLoginTutorialApp.swift in Sources */ = {isa = PBXBuildFile; fileRef = F3710535291FB62800EDA8C8 /* KakaoLoginTutorialApp.swift */; };
		F3710538291FB62800EDA8C8 /* ContentView.swift in Sources */ = {isa = PBXBuildFile; fileRef = F3710537291FB62800EDA8C8 /* ContentView.swift */; };
		F371053A291FB62900EDA8C8 /* Assets.xcassets in Resources */ = {isa = PBXBuildFile; fileRef = F3710539291FB62900EDA8C8 /* Assets.xcassets */; };
		F371053D291FB62900EDA8C8 /* Preview Assets.xcassets in Resources */ = {isa = PBXBuildFile; fileRef = F371053C291FB62900EDA8C8 /* Preview Assets.xcassets */; };
		F37F22EA29201E4E00C09BEC /* KakaoSDK in Frameworks */ = {isa = PBXBuildFile; productRef = F37F22E929201E4E00C09BEC /* KakaoSDK */; };
		F37F22EC29201E4E00C09BEC /* KakaoSDKAuth in Frameworks */ = {isa = PBXBuildFile; productRef = F37F22EB29201E4E00C09BEC /* KakaoSDKAuth */; };
		F37F22EE29201E4E00C09BEC /* KakaoSDKCommon in Frameworks */ = {isa = PBXBuildFile; productRef = F37F22ED29201E4E00C09BEC /* KakaoSDKCommon */; };
		F37F22F029201E4E00C09BEC /* KakaoSDKCommonCore in Frameworks */ = {isa = PBXBuildFile; productRef = F37F22EF29201E4E00C09BEC /* KakaoSDKCommonCore */; };
		F37F22F229201E4E00C09BEC /* KakaoSDKNavi in Frameworks */ = {isa = PBXBuildFile; productRef = F37F22F129201E4E00C09BEC /* KakaoSDKNavi */; };
		F37F22F429201E4E00C09BEC /* KakaoSDKShare in Frameworks */ = {isa = PBXBuildFile; productRef = F37F22F329201E4E00C09BEC /* KakaoSDKShare */; };
		F37F22F629201E4E00C09BEC /* KakaoSDKStory in Frameworks */ = {isa = PBXBuildFile; productRef = F37F22F529201E4E00C09BEC /* KakaoSDKStory */; };
		F37F22F829201E4E00C09BEC /* KakaoSDKTalk in Frameworks */ = {isa = PBXBuildFile; productRef = F37F22F729201E4E00C09BEC /* KakaoSDKTalk */; };
		F37F22FA29201E4E00C09BEC /* KakaoSDKTemplate in Frameworks */ = {isa = PBXBuildFile; productRef = F37F22F929201E4E00C09BEC /* KakaoSDKTemplate */; };
		F37F22FC29201E4E00C09BEC /* KakaoSDKUser in Frameworks */ = {isa = PBXBuildFile; productRef = F37F22FB29201E4E00C09BEC /* KakaoSDKUser */; };
/* End PBXBuildFile section */

/* Begin PBXFileReference section */
		F3710532291FB62800EDA8C8 /* KakaoLoginTutorial.app */ = {isa = PBXFileReference; explicitFileType = wrapper.application; includeInIndex = 0; path = KakaoLoginTutorial.app; sourceTree = BUILT_PRODUCTS_DIR; };
		F3710535291FB62800EDA8C8 /* KakaoLoginTutorialApp.swift */ = {isa = PBXFileReference; lastKnownFileType = sourcecode.swift; path = KakaoLoginTutorialApp.swift; sourceTree = "<group>"; };
		F3710537291FB62800EDA8C8 /* ContentView.swift */ = {isa = PBXFileReference; lastKnownFileType = sourcecode.swift; path = ContentView.swift; sourceTree = "<group>"; };
		F3710539291FB62900EDA8C8 /* Assets.xcassets */ = {isa = PBXFileReference; lastKnownFileType = folder.assetcatalog; path = Assets.xcassets; sourceTree = "<group>"; };
		F371053C291FB62900EDA8C8 /* Preview Assets.xcassets */ = {isa = PBXFileReference; lastKnownFileType = folder.assetcatalog; path = "Preview Assets.xcassets"; sourceTree = "<group>"; };
/* End PBXFileReference section */

/* Begin PBXFrameworksBuildPhase section */
		F371052F291FB62800EDA8C8 /* Frameworks */ = {
			isa = PBXFrameworksBuildPhase;
			buildActionMask = 2147483647;
			files = (
				F37F22EA29201E4E00C09BEC /* KakaoSDK in Frameworks */,
				F37F22F829201E4E00C09BEC /* KakaoSDKTalk in Frameworks */,
				F37F22F029201E4E00C09BEC /* KakaoSDKCommonCore in Frameworks */,
				F37F22F229201E4E00C09BEC /* KakaoSDKNavi in Frameworks */,
				F37F22F629201E4E00C09BEC /* KakaoSDKStory in Frameworks */,
				F37F22FA29201E4E00C09BEC /* KakaoSDKTemplate in Frameworks */,
				F37F22EE29201E4E00C09BEC /* KakaoSDKCommon in Frameworks */,
				F37F22EC29201E4E00C09BEC /* KakaoSDKAuth in Frameworks */,
				F37F22FC29201E4E00C09BEC /* KakaoSDKUser in Frameworks */,
				F37F22F429201E4E00C09BEC /* KakaoSDKShare in Frameworks */,
			);
			runOnlyForDeploymentPostprocessing = 0;
		};
/* End PBXFrameworksBuildPhase section */

/* Begin PBXGroup section */
		F3710529291FB62800EDA8C8 = {
			isa = PBXGroup;
			children = (
				F3710534291FB62800EDA8C8 /* KakaoLoginTutorial */,
				F3710533291FB62800EDA8C8 /* Products */,
			);
			sourceTree = "<group>";
		};
		F3710533291FB62800EDA8C8 /* Products */ = {
			isa = PBXGroup;
			children = (
				F3710532291FB62800EDA8C8 /* KakaoLoginTutorial.app */,
			);
			name = Products;
			sourceTree = "<group>";
		};
		F3710534291FB62800EDA8C8 /* KakaoLoginTutorial */ = {
			isa = PBXGroup;
			children = (
				F3710535291FB62800EDA8C8 /* KakaoLoginTutorialApp.swift */,
				F3710537291FB62800EDA8C8 /* ContentView.swift */,
				F3710539291FB62900EDA8C8 /* Assets.xcassets */,
				F371053B291FB62900EDA8C8 /* Preview Content */,
			);
			path = KakaoLoginTutorial;
			sourceTree = "<group>";
		};
		F371053B291FB62900EDA8C8 /* Preview Content */ = {
			isa = PBXGroup;
			children = (
				F371053C291FB62900EDA8C8 /* Preview Assets.xcassets */,
			);
			path = "Preview Content";
			sourceTree = "<group>";
		};
/* End PBXGroup section */

/* Begin PBXNativeTarget section */
		F3710531291FB62800EDA8C8 /* KakaoLoginTutorial */ = {
			isa = PBXNativeTarget;
			buildConfigurationList = F3710540291FB62900EDA8C8 /* Build configuration list for PBXNativeTarget "KakaoLoginTutorial" */;
			buildPhases = (
				F371052E291FB62800EDA8C8 /* Sources */,
				F371052F291FB62800EDA8C8 /* Frameworks */,
				F3710530291FB62800EDA8C8 /* Resources */,
			);
			buildRules = (
			);
			dependencies = (
			);
			name = KakaoLoginTutorial;
			packageProductDependencies = (
				F37F22E929201E4E00C09BEC /* KakaoSDK */,
				F37F22EB29201E4E00C09BEC /* KakaoSDKAuth */,
				F37F22ED29201E4E00C09BEC /* KakaoSDKCommon */,
				F37F22EF29201E4E00C09BEC /* KakaoSDKCommonCore */,
				F37F22F129201E4E00C09BEC /* KakaoSDKNavi */,
				F37F22F329201E4E00C09BEC /* KakaoSDKShare */,
				F37F22F529201E4E00C09BEC /* KakaoSDKStory */,
				F37F22F729201E4E00C09BEC /* KakaoSDKTalk */,
				F37F22F929201E4E00C09BEC /* KakaoSDKTemplate */,
				F37F22FB29201E4E00C09BEC /* KakaoSDKUser */,
			);
			productName = KakaoLoginTutorial;
			productReference = F3710532291FB62800EDA8C8 /* KakaoLoginTutorial.app */;
			productType = "com.apple.product-type.application";
		};
/* End PBXNativeTarget section */

/* Begin PBXProject section */
		F371052A291FB62800EDA8C8 /* Project object */ = {
			isa = PBXProject;
			attributes = {
				BuildIndependentTargetsInParallel = 1;
				LastSwiftUpdateCheck = 1410;
				LastUpgradeCheck = 1410;
				TargetAttributes = {
					F3710531291FB62800EDA8C8 = {
						CreatedOnToolsVersion = 14.1;
					};
				};
			};
			buildConfigurationList = F371052D291FB62800EDA8C8 /* Build configuration list for PBXProject "KakaoLoginTutorial" */;
			compatibilityVersion = "Xcode 14.0";
			developmentRegion = en;
			hasScannedForEncodings = 0;
			knownRegions = (
				en,
				Base,
			);
			mainGroup = F3710529291FB62800EDA8C8;
			packageReferences = (
				F37F22E829201E4E00C09BEC /* XCRemoteSwiftPackageReference "kakao-ios-sdk" */,
			);
			productRefGroup = F3710533291FB62800EDA8C8 /* Products */;
			projectDirPath = "";
			projectRoot = "";
			targets = (
				F3710531291FB62800EDA8C8 /* KakaoLoginTutorial */,
			);
		};
/* End PBXProject section */

/* Begin PBXResourcesBuildPhase section */
		F3710530291FB62800EDA8C8 /* Resources */ = {
			isa = PBXResourcesBuildPhase;
			buildActionMask = 2147483647;
			files = (
				F371053D291FB62900EDA8C8 /* Preview Assets.xcassets in Resources */,
				F371053A291FB62900EDA8C8 /* Assets.xcassets in Resources */,
			);
			runOnlyForDeploymentPostprocessing = 0;
		};
/* End PBXResourcesBuildPhase section */

/* Begin PBXSourcesBuildPhase section */
		F371052E291FB62800EDA8C8 /* Sources */ = {
			isa = PBXSourcesBuildPhase;
			buildActionMask = 2147483647;
			files = (
				F3710538291FB62800EDA8C8 /* ContentView.swift in Sources */,
				F3710536291FB62800EDA8C8 /* KakaoLoginTutorialApp.swift in Sources */,
			);
			runOnlyForDeploymentPostprocessing = 0;
		};
/* End PBXSourcesBuildPhase section */

/* Begin XCBuildConfiguration section */
		F371053E291FB62900EDA8C8 /* Debug */ = {
			isa = XCBuildConfiguration;
			buildSettings = {
				ALWAYS_SEARCH_USER_PATHS = NO;
				CLANG_ANALYZER_NONNULL = YES;
				CLANG_ANALYZER_NUMBER_OBJECT_CONVERSION = YES_AGGRESSIVE;
				CLANG_CXX_LANGUAGE_STANDARD = "gnu++20";
				CLANG_ENABLE_MODULES = YES;
				CLANG_ENABLE_OBJC_ARC = YES;
				CLANG_ENABLE_OBJC_WEAK = YES;
				CLANG_WARN_BLOCK_CAPTURE_AUTORELEASING = YES;
				CLANG_WARN_BOOL_CONVERSION = YES;
				CLANG_WARN_COMMA = YES;
				CLANG_WARN_CONSTANT_CONVERSION = YES;
				CLANG_WARN_DEPRECATED_OBJC_IMPLEMENTATIONS = YES;
				CLANG_WARN_DIRECT_OBJC_ISA_USAGE = YES_ERROR;
				CLANG_WARN_DOCUMENTATION_COMMENTS = YES;
				CLANG_WARN_EMPTY_BODY = YES;
				CLANG_WARN_ENUM_CONVERSION = YES;
				CLANG_WARN_INFINITE_RECURSION = YES;
				CLANG_WARN_INT_CONVERSION = YES;
				CLANG_WARN_NON_LITERAL_NULL_CONVERSION = YES;
				CLANG_WARN_OBJC_IMPLICIT_RETAIN_SELF = YES;
				CLANG_WARN_OBJC_LITERAL_CONVERSION = YES;
				CLANG_WARN_OBJC_ROOT_CLASS = YES_ERROR;
				CLANG_WARN_QUOTED_INCLUDE_IN_FRAMEWORK_HEADER = YES;
				CLANG_WARN_RANGE_LOOP_ANALYSIS = YES;
				CLANG_WARN_STRICT_PROTOTYPES = YES;
				CLANG_WARN_SUSPICIOUS_MOVE = YES;
				CLANG_WARN_UNGUARDED_AVAILABILITY = YES_AGGRESSIVE;
				CLANG_WARN_UNREACHABLE_CODE = YES;
				CLANG_WARN__DUPLICATE_METHOD_MATCH = YES;
				COPY_PHASE_STRIP = NO;
				DEBUG_INFORMATION_FORMAT = dwarf;
				ENABLE_STRICT_OBJC_MSGSEND = YES;
				ENABLE_TESTABILITY = YES;
				GCC_C_LANGUAGE_STANDARD = gnu11;
				GCC_DYNAMIC_NO_PIC = NO;
				GCC_NO_COMMON_BLOCKS = YES;
				GCC_OPTIMIZATION_LEVEL = 0;
				GCC_PREPROCESSOR_DEFINITIONS = (
					"DEBUG=1",
					"$(inherited)",
				);
				GCC_WARN_64_TO_32_BIT_CONVERSION = YES;
				GCC_WARN_ABOUT_RETURN_TYPE = YES_ERROR;
				GCC_WARN_UNDECLARED_SELECTOR = YES;
				GCC_WARN_UNINITIALIZED_AUTOS = YES_AGGRESSIVE;
				GCC_WARN_UNUSED_FUNCTION = YES;
				GCC_WARN_UNUSED_VARIABLE = YES;
				IPHONEOS_DEPLOYMENT_TARGET = 16.1;
				MTL_ENABLE_DEBUG_INFO = INCLUDE_SOURCE;
				MTL_FAST_MATH = YES;
				ONLY_ACTIVE_ARCH = YES;
				SDKROOT = iphoneos;
				SWIFT_ACTIVE_COMPILATION_CONDITIONS = DEBUG;
				SWIFT_OPTIMIZATION_LEVEL = "-Onone";
			};
			name = Debug;
		};
		F371053F291FB62900EDA8C8 /* Release */ = {
			isa = XCBuildConfiguration;
			buildSettings = {
				ALWAYS_SEARCH_USER_PATHS = NO;
				CLANG_ANALYZER_NONNULL = YES;
				CLANG_ANALYZER_NUMBER_OBJECT_CONVERSION = YES_AGGRESSIVE;
				CLANG_CXX_LANGUAGE_STANDARD = "gnu++20";
				CLANG_ENABLE_MODULES = YES;
				CLANG_ENABLE_OBJC_ARC = YES;
				CLANG_ENABLE_OBJC_WEAK = YES;
				CLANG_WARN_BLOCK_CAPTURE_AUTORELEASING = YES;
				CLANG_WARN_BOOL_CONVERSION = YES;
				CLANG_WARN_COMMA = YES;
				CLANG_WARN_CONSTANT_CONVERSION = YES;
				CLANG_WARN_DEPRECATED_OBJC_IMPLEMENTATIONS = YES;
				CLANG_WARN_DIRECT_OBJC_ISA_USAGE = YES_ERROR;
				CLANG_WARN_DOCUMENTATION_COMMENTS = YES;
				CLANG_WARN_EMPTY_BODY = YES;
				CLANG_WARN_ENUM_CONVERSION = YES;
				CLANG_WARN_INFINITE_RECURSION = YES;
				CLANG_WARN_INT_CONVERSION = YES;
				CLANG_WARN_NON_LITERAL_NULL_CONVERSION = YES;
				CLANG_WARN_OBJC_IMPLICIT_RETAIN_SELF = YES;
				CLANG_WARN_OBJC_LITERAL_CONVERSION = YES;
				CLANG_WARN_OBJC_ROOT_CLASS = YES_ERROR;
				CLANG_WARN_QUOTED_INCLUDE_IN_FRAMEWORK_HEADER = YES;
				CLANG_WARN_RANGE_LOOP_ANALYSIS = YES;
				CLANG_WARN_STRICT_PROTOTYPES = YES;
				CLANG_WARN_SUSPICIOUS_MOVE = YES;
				CLANG_WARN_UNGUARDED_AVAILABILITY = YES_AGGRESSIVE;
				CLANG_WARN_UNREACHABLE_CODE = YES;
				CLANG_WARN__DUPLICATE_METHOD_MATCH = YES;
				COPY_PHASE_STRIP = NO;
				DEBUG_INFORMATION_FORMAT = "dwarf-with-dsym";
				ENABLE_NS_ASSERTIONS = NO;
				ENABLE_STRICT_OBJC_MSGSEND = YES;
				GCC_C_LANGUAGE_STANDARD = gnu11;
				GCC_NO_COMMON_BLOCKS = YES;
				GCC_WARN_64_TO_32_BIT_CONVERSION = YES;
				GCC_WARN_ABOUT_RETURN_TYPE = YES_ERROR;
				GCC_WARN_UNDECLARED_SELECTOR = YES;
				GCC_WARN_UNINITIALIZED_AUTOS = YES_AGGRESSIVE;
				GCC_WARN_UNUSED_FUNCTION = YES;
				GCC_WARN_UNUSED_VARIABLE = YES;
				IPHONEOS_DEPLOYMENT_TARGET = 16.1;
				MTL_ENABLE_DEBUG_INFO = NO;
				MTL_FAST_MATH = YES;
				SDKROOT = iphoneos;
				SWIFT_COMPILATION_MODE = wholemodule;
				SWIFT_OPTIMIZATION_LEVEL = "-O";
				VALIDATE_PRODUCT = YES;
			};
			name = Release;
		};
		F3710541291FB62900EDA8C8 /* Debug */ = {
			isa = XCBuildConfiguration;
			buildSettings = {
				ASSETCATALOG_COMPILER_APPICON_NAME = AppIcon;
				ASSETCATALOG_COMPILER_GLOBAL_ACCENT_COLOR_NAME = AccentColor;
				CODE_SIGN_STYLE = Automatic;
				CURRENT_PROJECT_VERSION = 1;
				DEVELOPMENT_ASSET_PATHS = "\"KakaoLoginTutorial/Preview Content\"";
				DEVELOPMENT_TEAM = U5F437QJA7;
				ENABLE_PREVIEWS = YES;
				GENERATE_INFOPLIST_FILE = YES;
				INFOPLIST_KEY_UIApplicationSceneManifest_Generation = YES;
				INFOPLIST_KEY_UIApplicationSupportsIndirectInputEvents = YES;
				INFOPLIST_KEY_UILaunchScreen_Generation = YES;
				INFOPLIST_KEY_UISupportedInterfaceOrientations_iPad = "UIInterfaceOrientationPortrait UIInterfaceOrientationPortraitUpsideDown UIInterfaceOrientationLandscapeLeft UIInterfaceOrientationLandscapeRight";
				INFOPLIST_KEY_UISupportedInterfaceOrientations_iPhone = "UIInterfaceOrientationPortrait UIInterfaceOrientationLandscapeLeft UIInterfaceOrientationLandscapeRight";
				LD_RUNPATH_SEARCH_PATHS = (
					"$(inherited)",
					"@executable_path/Frameworks",
				);
				MARKETING_VERSION = 1.0;
				PRODUCT_BUNDLE_IDENTIFIER = com.kyungsoo.KakaoLoginTutorial;
				PRODUCT_NAME = "$(TARGET_NAME)";
				SWIFT_EMIT_LOC_STRINGS = YES;
				SWIFT_VERSION = 5.0;
				TARGETED_DEVICE_FAMILY = "1,2";
			};
			name = Debug;
		};
		F3710542291FB62900EDA8C8 /* Release */ = {
			isa = XCBuildConfiguration;
			buildSettings = {
				ASSETCATALOG_COMPILER_APPICON_NAME = AppIcon;
				ASSETCATALOG_COMPILER_GLOBAL_ACCENT_COLOR_NAME = AccentColor;
				CODE_SIGN_STYLE = Automatic;
				CURRENT_PROJECT_VERSION = 1;
				DEVELOPMENT_ASSET_PATHS = "\"KakaoLoginTutorial/Preview Content\"";
				DEVELOPMENT_TEAM = U5F437QJA7;
				ENABLE_PREVIEWS = YES;
				GENERATE_INFOPLIST_FILE = YES;
				INFOPLIST_KEY_UIApplicationSceneManifest_Generation = YES;
				INFOPLIST_KEY_UIApplicationSupportsIndirectInputEvents = YES;
				INFOPLIST_KEY_UILaunchScreen_Generation = YES;
				INFOPLIST_KEY_UISupportedInterfaceOrientations_iPad = "UIInterfaceOrientationPortrait UIInterfaceOrientationPortraitUpsideDown UIInterfaceOrientationLandscapeLeft UIInterfaceOrientationLandscapeRight";
				INFOPLIST_KEY_UISupportedInterfaceOrientations_iPhone = "UIInterfaceOrientationPortrait UIInterfaceOrientationLandscapeLeft UIInterfaceOrientationLandscapeRight";
				LD_RUNPATH_SEARCH_PATHS = (
					"$(inherited)",
					"@executable_path/Frameworks",
				);
				MARKETING_VERSION = 1.0;
				PRODUCT_BUNDLE_IDENTIFIER = com.kyungsoo.KakaoLoginTutorial;
				PRODUCT_NAME = "$(TARGET_NAME)";
				SWIFT_EMIT_LOC_STRINGS = YES;
				SWIFT_VERSION = 5.0;
				TARGETED_DEVICE_FAMILY = "1,2";
			};
			name = Release;
		};
/* End XCBuildConfiguration section */

/* Begin XCConfigurationList section */
		F371052D291FB62800EDA8C8 /* Build configuration list for PBXProject "KakaoLoginTutorial" */ = {
			isa = XCConfigurationList;
			buildConfigurations = (
				F371053E291FB62900EDA8C8 /* Debug */,
				F371053F291FB62900EDA8C8 /* Release */,
			);
			defaultConfigurationIsVisible = 0;
			defaultConfigurationName = Release;
		};
		F3710540291FB62900EDA8C8 /* Build configuration list for PBXNativeTarget "KakaoLoginTutorial" */ = {
			isa = XCConfigurationList;
			buildConfigurations = (
				F3710541291FB62900EDA8C8 /* Debug */,
				F3710542291FB62900EDA8C8 /* Release */,
			);
			defaultConfigurationIsVisible = 0;
			defaultConfigurationName = Release;
		};
/* End XCConfigurationList section */

/* Begin XCRemoteSwiftPackageReference section */
		F37F22E829201E4E00C09BEC /* XCRemoteSwiftPackageReference "kakao-ios-sdk" */ = {
			isa = XCRemoteSwiftPackageReference;
			repositoryURL = "https://github.com/kakao/kakao-ios-sdk";
			requirement = {
				branch = master;
				kind = branch;
			};
		};
/* End XCRemoteSwiftPackageReference section */

/* Begin XCSwiftPackageProductDependency section */
		F37F22E929201E4E00C09BEC /* KakaoSDK */ = {
			isa = XCSwiftPackageProductDependency;
			package = F37F22E829201E4E00C09BEC /* XCRemoteSwiftPackageReference "kakao-ios-sdk" */;
			productName = KakaoSDK;
		};
		F37F22EB29201E4E00C09BEC /* KakaoSDKAuth */ = {
			isa = XCSwiftPackageProductDependency;
			package = F37F22E829201E4E00C09BEC /* XCRemoteSwiftPackageReference "kakao-ios-sdk" */;
			productName = KakaoSDKAuth;
		};
		F37F22ED29201E4E00C09BEC /* KakaoSDKCommon */ = {
			isa = XCSwiftPackageProductDependency;
			package = F37F22E829201E4E00C09BEC /* XCRemoteSwiftPackageReference "kakao-ios-sdk" */;
			productName = KakaoSDKCommon;
		};
		F37F22EF29201E4E00C09BEC /* KakaoSDKCommonCore */ = {
			isa = XCSwiftPackageProductDependency;
			package = F37F22E829201E4E00C09BEC /* XCRemoteSwiftPackageReference "kakao-ios-sdk" */;
			productName = KakaoSDKCommonCore;
		};
		F37F22F129201E4E00C09BEC /* KakaoSDKNavi */ = {
			isa = XCSwiftPackageProductDependency;
			package = F37F22E829201E4E00C09BEC /* XCRemoteSwiftPackageReference "kakao-ios-sdk" */;
			productName = KakaoSDKNavi;
		};
		F37F22F329201E4E00C09BEC /* KakaoSDKShare */ = {
			isa = XCSwiftPackageProductDependency;
			package = F37F22E829201E4E00C09BEC /* XCRemoteSwiftPackageReference "kakao-ios-sdk" */;
			productName = KakaoSDKShare;
		};
		F37F22F529201E4E00C09BEC /* KakaoSDKStory */ = {
			isa = XCSwiftPackageProductDependency;
			package = F37F22E829201E4E00C09BEC /* XCRemoteSwiftPackageReference "kakao-ios-sdk" */;
			productName = KakaoSDKStory;
		};
		F37F22F729201E4E00C09BEC /* KakaoSDKTalk */ = {
			isa = XCSwiftPackageProductDependency;
			package = F37F22E829201E4E00C09BEC /* XCRemoteSwiftPackageReference "kakao-ios-sdk" */;
			productName = KakaoSDKTalk;
		};
		F37F22F929201E4E00C09BEC /* KakaoSDKTemplate */ = {
			isa = XCSwiftPackageProductDependency;
			package = F37F22E829201E4E00C09BEC /* XCRemoteSwiftPackageReference "kakao-ios-sdk" */;
			productName = KakaoSDKTemplate;
		};
		F37F22FB29201E4E00C09BEC /* KakaoSDKUser */ = {
			isa = XCSwiftPackageProductDependency;
			package = F37F22E829201E4E00C09BEC /* XCRemoteSwiftPackageReference "kakao-ios-sdk" */;
			productName = KakaoSDKUser;
		};
/* End XCSwiftPackageProductDependency section */
	};
	rootObject = F371052A291FB62800EDA8C8 /* Project object */;
}
